
Microsoft Visual Studio Solution File, Format Version 12.00
# Visual Studio Version 17
VisualStudioVersion = 17.5.33516.290
MinimumVisualStudioVersion = 10.0.40219.1
Project("{FAE04EC0-301F-11D3-BF4B-00C04F79EFBC}") = "AWSQueueAndTopic", "AWSQueueAndTopic.csproj", "{6B3CC14D-A640-43EF-A9AE-227C454BC73D}"
EndProject
Global
	GlobalSection(SolutionConfigurationPlatforms) = preSolution
		Debug|Any CPU = Debug|Any CPU
		Release|Any CPU = Release|Any CPU
	EndGlobalSection
	GlobalSection(ProjectConfigurationPlatforms) = postSolution
		{6B3CC14D-A640-43EF-A9AE-227C454BC73D}.Debug|Any CPU.ActiveCfg = Debug|Any CPU
		{6B3CC14D-A640-43EF-A9AE-227C454BC73D}.Debug|Any CPU.Build.0 = Debug|Any CPU
		{6B3CC14D-A640-43EF-A9AE-227C454BC73D}.Release|Any CPU.ActiveCfg = Release|Any CPU
		{6B3CC14D-A640-43EF-A9AE-227C454BC73D}.Release|Any CPU.Build.0 = Release|Any CPU
	EndGlobalSection
	GlobalSection(SolutionProperties) = preSolution
		HideSolutionNode = FALSE
	EndGlobalSection
	GlobalSection(ExtensibilityGlobals) = postSolution
		SolutionGuid = {3D41007B-BCBD-479F-A642-CB5A88885D3C}
	EndGlobalSection
EndGlobal
